// !$*UTF8*$!
{
	archiveVersion = 1;
	classes = {
	};
	objectVersion = 46;
	objects = {

/* Begin PBXBuildFile section */
		B62450E31BED431E000ACBD3 /* AddItemToCreatedServerTableViewController.m in Sources */ = {isa = PBXBuildFile; fileRef = B62450BC1BED431E000ACBD3 /* AddItemToCreatedServerTableViewController.m */; };
		B62450E41BED431E000ACBD3 /* AddItemToJoinedServerTableViewController.m in Sources */ = {isa = PBXBuildFile; fileRef = B62450BE1BED431E000ACBD3 /* AddItemToJoinedServerTableViewController.m */; };
		B62450ED1BED431E000ACBD3 /* CreateServerTableViewController.m in Sources */ = {isa = PBXBuildFile; fileRef = B62450D01BED431E000ACBD3 /* CreateServerTableViewController.m */; };
		B62450F01BED431E000ACBD3 /* JoinServerTableViewController.m in Sources */ = {isa = PBXBuildFile; fileRef = B62450D51BED431E000ACBD3 /* JoinServerTableViewController.m */; };
		B62450F51BED431E000ACBD3 /* VoteTrackTableViewCell.m in Sources */ = {isa = PBXBuildFile; fileRef = B62450DE1BED431E000ACBD3 /* VoteTrackTableViewCell.m */; };
		B62450F61BED431E000ACBD3 /* SpotifyAuthenticator.m in Sources */ = {isa = PBXBuildFile; fileRef = B62450E01BED431E000ACBD3 /* SpotifyAuthenticator.m */; };
		B62450FD1BED43CB000ACBD3 /* AVFoundation.framework in Frameworks */ = {isa = PBXBuildFile; fileRef = B62450FC1BED43CB000ACBD3 /* AVFoundation.framework */; };
		B62450FF1BED43F3000ACBD3 /* Spotify.framework in Frameworks */ = {isa = PBXBuildFile; fileRef = B62450FE1BED43F3000ACBD3 /* Spotify.framework */; };
		B62451011BED45BE000ACBD3 /* SystemConfiguration.framework in Frameworks */ = {isa = PBXBuildFile; fileRef = B62451001BED45BE000ACBD3 /* SystemConfiguration.framework */; };
		B62451051BEFA3D1000ACBD3 /* MusicVoterConnectionViewController.m in Sources */ = {isa = PBXBuildFile; fileRef = B62451041BEFA3D1000ACBD3 /* MusicVoterConnectionViewController.m */; };
		B62451081BEFAB77000ACBD3 /* JoinedServerViewController.m in Sources */ = {isa = PBXBuildFile; fileRef = B62451071BEFAB77000ACBD3 /* JoinedServerViewController.m */; };
		B624510B1BEFDAB6000ACBD3 /* CreatedServerViewController.m in Sources */ = {isa = PBXBuildFile; fileRef = B624510A1BEFDAB6000ACBD3 /* CreatedServerViewController.m */; };
		B6372EB21BD4D22F00574261 /* main.m in Sources */ = {isa = PBXBuildFile; fileRef = B6372EB11BD4D22F00574261 /* main.m */; };
		B6372EB51BD4D22F00574261 /* AppDelegate.m in Sources */ = {isa = PBXBuildFile; fileRef = B6372EB41BD4D22F00574261 /* AppDelegate.m */; };
		B6372EBB1BD4D22F00574261 /* Main.storyboard in Resources */ = {isa = PBXBuildFile; fileRef = B6372EB91BD4D22F00574261 /* Main.storyboard */; };
		B6372EBD1BD4D22F00574261 /* Assets.xcassets in Resources */ = {isa = PBXBuildFile; fileRef = B6372EBC1BD4D22F00574261 /* Assets.xcassets */; };
		B6372EC01BD4D22F00574261 /* LaunchScreen.storyboard in Resources */ = {isa = PBXBuildFile; fileRef = B6372EBE1BD4D22F00574261 /* LaunchScreen.storyboard */; };
		B6372ECB1BD4D22F00574261 /* Music_Voter_UITests.m in Sources */ = {isa = PBXBuildFile; fileRef = B6372ECA1BD4D22F00574261 /* Music_Voter_UITests.m */; };
		B6372ED61BD4D22F00574261 /* Music_Voter_UIUITests.m in Sources */ = {isa = PBXBuildFile; fileRef = B6372ED51BD4D22F00574261 /* Music_Voter_UIUITests.m */; };
		B643BCB81BED2D2B00688937 /* pause.pdf in Resources */ = {isa = PBXBuildFile; fileRef = B643BCB41BED2D2B00688937 /* pause.pdf */; };
		B643BCB91BED2D2B00688937 /* play.pdf in Resources */ = {isa = PBXBuildFile; fileRef = B643BCB51BED2D2B00688937 /* play.pdf */; };
		B643BCBA1BED2D2B00688937 /* star_blank.pdf in Resources */ = {isa = PBXBuildFile; fileRef = B643BCB61BED2D2B00688937 /* star_blank.pdf */; };
		B643BCBB1BED2D2B00688937 /* star_filled.pdf in Resources */ = {isa = PBXBuildFile; fileRef = B643BCB71BED2D2B00688937 /* star_filled.pdf */; };
		B67D4E761BED41EA004CFE38 /* RawConnection.m in Sources */ = {isa = PBXBuildFile; fileRef = B67D4E711BED41EA004CFE38 /* RawConnection.m */; };
		B67D4E771BED41EA004CFE38 /* Connection.m in Sources */ = {isa = PBXBuildFile; fileRef = B67D4E731BED41EA004CFE38 /* Connection.m */; };
		B67D4E781BED41EA004CFE38 /* VoteTrack.m in Sources */ = {isa = PBXBuildFile; fileRef = B67D4E751BED41EA004CFE38 /* VoteTrack.m */; };
		B67D4E7D1BED4207004CFE38 /* BonjourServer.m in Sources */ = {isa = PBXBuildFile; fileRef = B67D4E7A1BED4207004CFE38 /* BonjourServer.m */; };
		B67D4E7E1BED4207004CFE38 /* MusicVoterServer.m in Sources */ = {isa = PBXBuildFile; fileRef = B67D4E7C1BED4207004CFE38 /* MusicVoterServer.m */; };
		B67D4E851BED4224004CFE38 /* BonjourBrowser.m in Sources */ = {isa = PBXBuildFile; fileRef = B67D4E821BED4224004CFE38 /* BonjourBrowser.m */; };
		B67D4E861BED4224004CFE38 /* ServerConnection.m in Sources */ = {isa = PBXBuildFile; fileRef = B67D4E841BED4224004CFE38 /* ServerConnection.m */; };
/* End PBXBuildFile section */

/* Begin PBXContainerItemProxy section */
		B6372EC71BD4D22F00574261 /* PBXContainerItemProxy */ = {
			isa = PBXContainerItemProxy;
			containerPortal = B6372EA51BD4D22F00574261 /* Project object */;
			proxyType = 1;
			remoteGlobalIDString = B6372EAC1BD4D22F00574261;
			remoteInfo = "Music Voter UI";
		};
		B6372ED21BD4D22F00574261 /* PBXContainerItemProxy */ = {
			isa = PBXContainerItemProxy;
			containerPortal = B6372EA51BD4D22F00574261 /* Project object */;
			proxyType = 1;
			remoteGlobalIDString = B6372EAC1BD4D22F00574261;
			remoteInfo = "Music Voter UI";
		};
/* End PBXContainerItemProxy section */

/* Begin PBXFileReference section */
		B62450BB1BED431E000ACBD3 /* AddItemToCreatedServerTableViewController.h */ = {isa = PBXFileReference; fileEncoding = 4; lastKnownFileType = sourcecode.c.h; path = AddItemToCreatedServerTableViewController.h; sourceTree = "<group>"; };
		B62450BC1BED431E000ACBD3 /* AddItemToCreatedServerTableViewController.m */ = {isa = PBXFileReference; fileEncoding = 4; lastKnownFileType = sourcecode.c.objc; path = AddItemToCreatedServerTableViewController.m; sourceTree = "<group>"; };
		B62450BD1BED431E000ACBD3 /* AddItemToJoinedServerTableViewController.h */ = {isa = PBXFileReference; fileEncoding = 4; lastKnownFileType = sourcecode.c.h; path = AddItemToJoinedServerTableViewController.h; sourceTree = "<group>"; };
		B62450BE1BED431E000ACBD3 /* AddItemToJoinedServerTableViewController.m */ = {isa = PBXFileReference; fileEncoding = 4; lastKnownFileType = sourcecode.c.objc; path = AddItemToJoinedServerTableViewController.m; sourceTree = "<group>"; };
		B62450CF1BED431E000ACBD3 /* CreateServerTableViewController.h */ = {isa = PBXFileReference; fileEncoding = 4; lastKnownFileType = sourcecode.c.h; path = CreateServerTableViewController.h; sourceTree = "<group>"; };
		B62450D01BED431E000ACBD3 /* CreateServerTableViewController.m */ = {isa = PBXFileReference; fileEncoding = 4; lastKnownFileType = sourcecode.c.objc; path = CreateServerTableViewController.m; sourceTree = "<group>"; };
		B62450D41BED431E000ACBD3 /* JoinServerTableViewController.h */ = {isa = PBXFileReference; fileEncoding = 4; lastKnownFileType = sourcecode.c.h; path = JoinServerTableViewController.h; sourceTree = "<group>"; };
		B62450D51BED431E000ACBD3 /* JoinServerTableViewController.m */ = {isa = PBXFileReference; fileEncoding = 4; lastKnownFileType = sourcecode.c.objc; path = JoinServerTableViewController.m; sourceTree = "<group>"; };
		B62450DD1BED431E000ACBD3 /* VoteTrackTableViewCell.h */ = {isa = PBXFileReference; fileEncoding = 4; lastKnownFileType = sourcecode.c.h; path = VoteTrackTableViewCell.h; sourceTree = "<group>"; };
		B62450DE1BED431E000ACBD3 /* VoteTrackTableViewCell.m */ = {isa = PBXFileReference; fileEncoding = 4; lastKnownFileType = sourcecode.c.objc; path = VoteTrackTableViewCell.m; sourceTree = "<group>"; };
		B62450DF1BED431E000ACBD3 /* SpotifyAuthenticator.h */ = {isa = PBXFileReference; fileEncoding = 4; lastKnownFileType = sourcecode.c.h; path = SpotifyAuthenticator.h; sourceTree = "<group>"; };
		B62450E01BED431E000ACBD3 /* SpotifyAuthenticator.m */ = {isa = PBXFileReference; fileEncoding = 4; lastKnownFileType = sourcecode.c.objc; path = SpotifyAuthenticator.m; sourceTree = "<group>"; };
		B62450FC1BED43CB000ACBD3 /* AVFoundation.framework */ = {isa = PBXFileReference; lastKnownFileType = wrapper.framework; name = AVFoundation.framework; path = System/Library/Frameworks/AVFoundation.framework; sourceTree = SDKROOT; };
		B62450FE1BED43F3000ACBD3 /* Spotify.framework */ = {isa = PBXFileReference; lastKnownFileType = wrapper.framework; path = Spotify.framework; sourceTree = "<group>"; };
		B62451001BED45BE000ACBD3 /* SystemConfiguration.framework */ = {isa = PBXFileReference; lastKnownFileType = wrapper.framework; name = SystemConfiguration.framework; path = System/Library/Frameworks/SystemConfiguration.framework; sourceTree = SDKROOT; };
		B62451021BEF9FCB000ACBD3 /* MusicVoterConnectionProtocol.h */ = {isa = PBXFileReference; fileEncoding = 4; lastKnownFileType = sourcecode.c.h; path = MusicVoterConnectionProtocol.h; sourceTree = "<group>"; };
		B62451031BEFA3D1000ACBD3 /* MusicVoterConnectionViewController.h */ = {isa = PBXFileReference; fileEncoding = 4; lastKnownFileType = sourcecode.c.h; path = MusicVoterConnectionViewController.h; sourceTree = "<group>"; };
		B62451041BEFA3D1000ACBD3 /* MusicVoterConnectionViewController.m */ = {isa = PBXFileReference; fileEncoding = 4; lastKnownFileType = sourcecode.c.objc; path = MusicVoterConnectionViewController.m; sourceTree = "<group>"; };
		B62451061BEFAB77000ACBD3 /* JoinedServerViewController.h */ = {isa = PBXFileReference; fileEncoding = 4; lastKnownFileType = sourcecode.c.h; path = JoinedServerViewController.h; sourceTree = "<group>"; };
		B62451071BEFAB77000ACBD3 /* JoinedServerViewController.m */ = {isa = PBXFileReference; fileEncoding = 4; lastKnownFileType = sourcecode.c.objc; path = JoinedServerViewController.m; sourceTree = "<group>"; };
		B62451091BEFDAB6000ACBD3 /* CreatedServerViewController.h */ = {isa = PBXFileReference; fileEncoding = 4; lastKnownFileType = sourcecode.c.h; path = CreatedServerViewController.h; sourceTree = "<group>"; };
		B624510A1BEFDAB6000ACBD3 /* CreatedServerViewController.m */ = {isa = PBXFileReference; fileEncoding = 4; lastKnownFileType = sourcecode.c.objc; path = CreatedServerViewController.m; sourceTree = "<group>"; };
		B6372EAD1BD4D22F00574261 /* Music Voter UI.app */ = {isa = PBXFileReference; explicitFileType = wrapper.application; includeInIndex = 0; path = "Music Voter UI.app"; sourceTree = BUILT_PRODUCTS_DIR; };
		B6372EB11BD4D22F00574261 /* main.m */ = {isa = PBXFileReference; lastKnownFileType = sourcecode.c.objc; path = main.m; sourceTree = "<group>"; };
		B6372EB31BD4D22F00574261 /* AppDelegate.h */ = {isa = PBXFileReference; lastKnownFileType = sourcecode.c.h; path = AppDelegate.h; sourceTree = "<group>"; };
		B6372EB41BD4D22F00574261 /* AppDelegate.m */ = {isa = PBXFileReference; lastKnownFileType = sourcecode.c.objc; path = AppDelegate.m; sourceTree = "<group>"; };
		B6372EBA1BD4D22F00574261 /* Base */ = {isa = PBXFileReference; lastKnownFileType = file.storyboard; name = Base; path = Base.lproj/Main.storyboard; sourceTree = "<group>"; };
		B6372EBC1BD4D22F00574261 /* Assets.xcassets */ = {isa = PBXFileReference; lastKnownFileType = folder.assetcatalog; path = Assets.xcassets; sourceTree = "<group>"; };
		B6372EBF1BD4D22F00574261 /* Base */ = {isa = PBXFileReference; lastKnownFileType = file.storyboard; name = Base; path = Base.lproj/LaunchScreen.storyboard; sourceTree = "<group>"; };
		B6372EC11BD4D22F00574261 /* Info.plist */ = {isa = PBXFileReference; lastKnownFileType = text.plist.xml; path = Info.plist; sourceTree = "<group>"; };
		B6372EC61BD4D22F00574261 /* Music Voter UITests.xctest */ = {isa = PBXFileReference; explicitFileType = wrapper.cfbundle; includeInIndex = 0; path = "Music Voter UITests.xctest"; sourceTree = BUILT_PRODUCTS_DIR; };
		B6372ECA1BD4D22F00574261 /* Music_Voter_UITests.m */ = {isa = PBXFileReference; lastKnownFileType = sourcecode.c.objc; path = Music_Voter_UITests.m; sourceTree = "<group>"; };
		B6372ECC1BD4D22F00574261 /* Info.plist */ = {isa = PBXFileReference; lastKnownFileType = text.plist.xml; path = Info.plist; sourceTree = "<group>"; };
		B6372ED11BD4D22F00574261 /* Music Voter UIUITests.xctest */ = {isa = PBXFileReference; explicitFileType = wrapper.cfbundle; includeInIndex = 0; path = "Music Voter UIUITests.xctest"; sourceTree = BUILT_PRODUCTS_DIR; };
		B6372ED51BD4D22F00574261 /* Music_Voter_UIUITests.m */ = {isa = PBXFileReference; lastKnownFileType = sourcecode.c.objc; path = Music_Voter_UIUITests.m; sourceTree = "<group>"; };
		B6372ED71BD4D22F00574261 /* Info.plist */ = {isa = PBXFileReference; lastKnownFileType = text.plist.xml; path = Info.plist; sourceTree = "<group>"; };
		B643BCB41BED2D2B00688937 /* pause.pdf */ = {isa = PBXFileReference; lastKnownFileType = image.pdf; name = pause.pdf; path = Images/pause.pdf; sourceTree = "<group>"; };
		B643BCB51BED2D2B00688937 /* play.pdf */ = {isa = PBXFileReference; lastKnownFileType = image.pdf; name = play.pdf; path = Images/play.pdf; sourceTree = "<group>"; };
		B643BCB61BED2D2B00688937 /* star_blank.pdf */ = {isa = PBXFileReference; lastKnownFileType = image.pdf; name = star_blank.pdf; path = Images/star_blank.pdf; sourceTree = "<group>"; };
		B643BCB71BED2D2B00688937 /* star_filled.pdf */ = {isa = PBXFileReference; lastKnownFileType = image.pdf; name = star_filled.pdf; path = Images/star_filled.pdf; sourceTree = "<group>"; };
		B67D4E701BED41EA004CFE38 /* RawConnection.h */ = {isa = PBXFileReference; fileEncoding = 4; lastKnownFileType = sourcecode.c.h; path = RawConnection.h; sourceTree = "<group>"; };
		B67D4E711BED41EA004CFE38 /* RawConnection.m */ = {isa = PBXFileReference; fileEncoding = 4; lastKnownFileType = sourcecode.c.objc; path = RawConnection.m; sourceTree = "<group>"; };
		B67D4E721BED41EA004CFE38 /* Connection.h */ = {isa = PBXFileReference; fileEncoding = 4; lastKnownFileType = sourcecode.c.h; path = Connection.h; sourceTree = "<group>"; };
		B67D4E731BED41EA004CFE38 /* Connection.m */ = {isa = PBXFileReference; fileEncoding = 4; lastKnownFileType = sourcecode.c.objc; path = Connection.m; sourceTree = "<group>"; };
		B67D4E741BED41EA004CFE38 /* VoteTrack.h */ = {isa = PBXFileReference; fileEncoding = 4; lastKnownFileType = sourcecode.c.h; path = VoteTrack.h; sourceTree = "<group>"; };
		B67D4E751BED41EA004CFE38 /* VoteTrack.m */ = {isa = PBXFileReference; fileEncoding = 4; lastKnownFileType = sourcecode.c.objc; path = VoteTrack.m; sourceTree = "<group>"; };
		B67D4E791BED4207004CFE38 /* BonjourServer.h */ = {isa = PBXFileReference; fileEncoding = 4; lastKnownFileType = sourcecode.c.h; path = BonjourServer.h; sourceTree = "<group>"; };
		B67D4E7A1BED4207004CFE38 /* BonjourServer.m */ = {isa = PBXFileReference; fileEncoding = 4; lastKnownFileType = sourcecode.c.objc; path = BonjourServer.m; sourceTree = "<group>"; };
		B67D4E7B1BED4207004CFE38 /* MusicVoterServer.h */ = {isa = PBXFileReference; fileEncoding = 4; lastKnownFileType = sourcecode.c.h; path = MusicVoterServer.h; sourceTree = "<group>"; };
		B67D4E7C1BED4207004CFE38 /* MusicVoterServer.m */ = {isa = PBXFileReference; fileEncoding = 4; lastKnownFileType = sourcecode.c.objc; path = MusicVoterServer.m; sourceTree = "<group>"; };
		B67D4E811BED4224004CFE38 /* BonjourBrowser.h */ = {isa = PBXFileReference; fileEncoding = 4; lastKnownFileType = sourcecode.c.h; path = BonjourBrowser.h; sourceTree = "<group>"; };
		B67D4E821BED4224004CFE38 /* BonjourBrowser.m */ = {isa = PBXFileReference; fileEncoding = 4; lastKnownFileType = sourcecode.c.objc; path = BonjourBrowser.m; sourceTree = "<group>"; };
		B67D4E831BED4224004CFE38 /* ServerConnection.h */ = {isa = PBXFileReference; fileEncoding = 4; lastKnownFileType = sourcecode.c.h; path = ServerConnection.h; sourceTree = "<group>"; };
		B67D4E841BED4224004CFE38 /* ServerConnection.m */ = {isa = PBXFileReference; fileEncoding = 4; lastKnownFileType = sourcecode.c.objc; path = ServerConnection.m; sourceTree = "<group>"; };
/* End PBXFileReference section */

/* Begin PBXFrameworksBuildPhase section */
		B6372EAA1BD4D22F00574261 /* Frameworks */ = {
			isa = PBXFrameworksBuildPhase;
			buildActionMask = 2147483647;
			files = (
				B62451011BED45BE000ACBD3 /* SystemConfiguration.framework in Frameworks */,
				B62450FF1BED43F3000ACBD3 /* Spotify.framework in Frameworks */,
				B62450FD1BED43CB000ACBD3 /* AVFoundation.framework in Frameworks */,
			);
			runOnlyForDeploymentPostprocessing = 0;
		};
		B6372EC31BD4D22F00574261 /* Frameworks */ = {
			isa = PBXFrameworksBuildPhase;
			buildActionMask = 2147483647;
			files = (
			);
			runOnlyForDeploymentPostprocessing = 0;
		};
		B6372ECE1BD4D22F00574261 /* Frameworks */ = {
			isa = PBXFrameworksBuildPhase;
			buildActionMask = 2147483647;
			files = (
			);
			runOnlyForDeploymentPostprocessing = 0;
		};
/* End PBXFrameworksBuildPhase section */

/* Begin PBXGroup section */
		B6372EA41BD4D22F00574261 = {
			isa = PBXGroup;
			children = (
				B62451001BED45BE000ACBD3 /* SystemConfiguration.framework */,
				B62450FE1BED43F3000ACBD3 /* Spotify.framework */,
				B62450FC1BED43CB000ACBD3 /* AVFoundation.framework */,
				B643BCBD1BED2D3C00688937 /* Icons */,
				B6372EAF1BD4D22F00574261 /* Music Voter UI */,
				B6372EC91BD4D22F00574261 /* Music Voter UITests */,
				B6372ED41BD4D22F00574261 /* Music Voter UIUITests */,
				B6372EAE1BD4D22F00574261 /* Products */,
			);
			sourceTree = "<group>";
		};
		B6372EAE1BD4D22F00574261 /* Products */ = {
			isa = PBXGroup;
			children = (
				B6372EAD1BD4D22F00574261 /* Music Voter UI.app */,
				B6372EC61BD4D22F00574261 /* Music Voter UITests.xctest */,
				B6372ED11BD4D22F00574261 /* Music Voter UIUITests.xctest */,
			);
			name = Products;
			sourceTree = "<group>";
		};
		B6372EAF1BD4D22F00574261 /* Music Voter UI */ = {
			isa = PBXGroup;
			children = (
				B67D4E701BED41EA004CFE38 /* RawConnection.h */,
				B67D4E711BED41EA004CFE38 /* RawConnection.m */,
				B67D4E721BED41EA004CFE38 /* Connection.h */,
				B67D4E731BED41EA004CFE38 /* Connection.m */,
				B67D4E741BED41EA004CFE38 /* VoteTrack.h */,
				B67D4E751BED41EA004CFE38 /* VoteTrack.m */,
				B62451021BEF9FCB000ACBD3 /* MusicVoterConnectionProtocol.h */,
				B62451031BEFA3D1000ACBD3 /* MusicVoterConnectionViewController.h */,
				B62451041BEFA3D1000ACBD3 /* MusicVoterConnectionViewController.m */,
				B62451061BEFAB77000ACBD3 /* JoinedServerViewController.h */,
				B62451071BEFAB77000ACBD3 /* JoinedServerViewController.m */,
				B62451091BEFDAB6000ACBD3 /* CreatedServerViewController.h */,
				B624510A1BEFDAB6000ACBD3 /* CreatedServerViewController.m */,
				B67D4E7F1BED420D004CFE38 /* Serverside */,
				B67D4E801BED4215004CFE38 /* Clientside */,
				B67D4E871BED4237004CFE38 /* UI */,
				B6372EB91BD4D22F00574261 /* Main.storyboard */,
				B6372EB01BD4D22F00574261 /* Supporting Files */,
			);
			path = "Music Voter UI";
			sourceTree = "<group>";
		};
		B6372EB01BD4D22F00574261 /* Supporting Files */ = {
			isa = PBXGroup;
			children = (
				B6372EBE1BD4D22F00574261 /* LaunchScreen.storyboard */,
				B6372EBC1BD4D22F00574261 /* Assets.xcassets */,
				B6372EC11BD4D22F00574261 /* Info.plist */,
				B6372EB11BD4D22F00574261 /* main.m */,
			);
			name = "Supporting Files";
			sourceTree = "<group>";
		};
		B6372EC91BD4D22F00574261 /* Music Voter UITests */ = {
			isa = PBXGroup;
			children = (
				B6372ECA1BD4D22F00574261 /* Music_Voter_UITests.m */,
				B6372ECC1BD4D22F00574261 /* Info.plist */,
			);
			path = "Music Voter UITests";
			sourceTree = "<group>";
		};
		B6372ED41BD4D22F00574261 /* Music Voter UIUITests */ = {
			isa = PBXGroup;
			children = (
				B6372ED51BD4D22F00574261 /* Music_Voter_UIUITests.m */,
				B6372ED71BD4D22F00574261 /* Info.plist */,
			);
			path = "Music Voter UIUITests";
			sourceTree = "<group>";
		};
		B643BCBD1BED2D3C00688937 /* Icons */ = {
			isa = PBXGroup;
			children = (
				B643BCB41BED2D2B00688937 /* pause.pdf */,
				B643BCB51BED2D2B00688937 /* play.pdf */,
				B643BCB61BED2D2B00688937 /* star_blank.pdf */,
				B643BCB71BED2D2B00688937 /* star_filled.pdf */,
			);
			name = Icons;
			sourceTree = "<group>";
		};
		B67D4E7F1BED420D004CFE38 /* Serverside */ = {
			isa = PBXGroup;
			children = (
				B67D4E791BED4207004CFE38 /* BonjourServer.h */,
				B67D4E7A1BED4207004CFE38 /* BonjourServer.m */,
				B67D4E7B1BED4207004CFE38 /* MusicVoterServer.h */,
				B67D4E7C1BED4207004CFE38 /* MusicVoterServer.m */,
			);
			name = Serverside;
			sourceTree = "<group>";
		};
		B67D4E801BED4215004CFE38 /* Clientside */ = {
			isa = PBXGroup;
			children = (
				B67D4E811BED4224004CFE38 /* BonjourBrowser.h */,
				B67D4E821BED4224004CFE38 /* BonjourBrowser.m */,
				B67D4E831BED4224004CFE38 /* ServerConnection.h */,
				B67D4E841BED4224004CFE38 /* ServerConnection.m */,
			);
			name = Clientside;
			sourceTree = "<group>";
		};
		B67D4E871BED4237004CFE38 /* UI */ = {
			isa = PBXGroup;
			children = (
				B6372EB31BD4D22F00574261 /* AppDelegate.h */,
				B6372EB41BD4D22F00574261 /* AppDelegate.m */,
				B62450DF1BED431E000ACBD3 /* SpotifyAuthenticator.h */,
				B62450E01BED431E000ACBD3 /* SpotifyAuthenticator.m */,
				B62450BB1BED431E000ACBD3 /* AddItemToCreatedServerTableViewController.h */,
				B62450BC1BED431E000ACBD3 /* AddItemToCreatedServerTableViewController.m */,
				B62450BD1BED431E000ACBD3 /* AddItemToJoinedServerTableViewController.h */,
				B62450BE1BED431E000ACBD3 /* AddItemToJoinedServerTableViewController.m */,
				B62450CF1BED431E000ACBD3 /* CreateServerTableViewController.h */,
				B62450D01BED431E000ACBD3 /* CreateServerTableViewController.m */,
				B62450D41BED431E000ACBD3 /* JoinServerTableViewController.h */,
				B62450D51BED431E000ACBD3 /* JoinServerTableViewController.m */,
				B62450DD1BED431E000ACBD3 /* VoteTrackTableViewCell.h */,
				B62450DE1BED431E000ACBD3 /* VoteTrackTableViewCell.m */,
			);
			name = UI;
			sourceTree = "<group>";
		};
/* End PBXGroup section */

/* Begin PBXNativeTarget section */
		B6372EAC1BD4D22F00574261 /* Music Voter UI */ = {
			isa = PBXNativeTarget;
			buildConfigurationList = B6372EDA1BD4D22F00574261 /* Build configuration list for PBXNativeTarget "Music Voter UI" */;
			buildPhases = (
				B6372EA91BD4D22F00574261 /* Sources */,
				B6372EAA1BD4D22F00574261 /* Frameworks */,
				B6372EAB1BD4D22F00574261 /* Resources */,
			);
			buildRules = (
			);
			dependencies = (
			);
			name = "Music Voter UI";
			productName = "Music Voter UI";
			productReference = B6372EAD1BD4D22F00574261 /* Music Voter UI.app */;
			productType = "com.apple.product-type.application";
		};
		B6372EC51BD4D22F00574261 /* Music Voter UITests */ = {
			isa = PBXNativeTarget;
			buildConfigurationList = B6372EDD1BD4D22F00574261 /* Build configuration list for PBXNativeTarget "Music Voter UITests" */;
			buildPhases = (
				B6372EC21BD4D22F00574261 /* Sources */,
				B6372EC31BD4D22F00574261 /* Frameworks */,
				B6372EC41BD4D22F00574261 /* Resources */,
			);
			buildRules = (
			);
			dependencies = (
				B6372EC81BD4D22F00574261 /* PBXTargetDependency */,
			);
			name = "Music Voter UITests";
			productName = "Music Voter UITests";
			productReference = B6372EC61BD4D22F00574261 /* Music Voter UITests.xctest */;
			productType = "com.apple.product-type.bundle.unit-test";
		};
		B6372ED01BD4D22F00574261 /* Music Voter UIUITests */ = {
			isa = PBXNativeTarget;
			buildConfigurationList = B6372EE01BD4D22F00574261 /* Build configuration list for PBXNativeTarget "Music Voter UIUITests" */;
			buildPhases = (
				B6372ECD1BD4D22F00574261 /* Sources */,
				B6372ECE1BD4D22F00574261 /* Frameworks */,
				B6372ECF1BD4D22F00574261 /* Resources */,
			);
			buildRules = (
			);
			dependencies = (
				B6372ED31BD4D22F00574261 /* PBXTargetDependency */,
			);
			name = "Music Voter UIUITests";
			productName = "Music Voter UIUITests";
			productReference = B6372ED11BD4D22F00574261 /* Music Voter UIUITests.xctest */;
			productType = "com.apple.product-type.bundle.ui-testing";
		};
/* End PBXNativeTarget section */

/* Begin PBXProject section */
		B6372EA51BD4D22F00574261 /* Project object */ = {
			isa = PBXProject;
			attributes = {
				LastUpgradeCheck = 0700;
				ORGANIZATIONNAME = "Mathias & Magnus";
				TargetAttributes = {
					B6372EAC1BD4D22F00574261 = {
						CreatedOnToolsVersion = 7.0.1;
						DevelopmentTeam = 3LD9H35H5C;
					};
					B6372EC51BD4D22F00574261 = {
						CreatedOnToolsVersion = 7.0.1;
						TestTargetID = B6372EAC1BD4D22F00574261;
					};
					B6372ED01BD4D22F00574261 = {
						CreatedOnToolsVersion = 7.0.1;
						TestTargetID = B6372EAC1BD4D22F00574261;
					};
				};
			};
			buildConfigurationList = B6372EA81BD4D22F00574261 /* Build configuration list for PBXProject "Music Voter UI" */;
			compatibilityVersion = "Xcode 3.2";
			developmentRegion = English;
			hasScannedForEncodings = 0;
			knownRegions = (
				en,
				Base,
			);
			mainGroup = B6372EA41BD4D22F00574261;
			productRefGroup = B6372EAE1BD4D22F00574261 /* Products */;
			projectDirPath = "";
			projectRoot = "";
			targets = (
				B6372EAC1BD4D22F00574261 /* Music Voter UI */,
				B6372EC51BD4D22F00574261 /* Music Voter UITests */,
				B6372ED01BD4D22F00574261 /* Music Voter UIUITests */,
			);
		};
/* End PBXProject section */

/* Begin PBXResourcesBuildPhase section */
		B6372EAB1BD4D22F00574261 /* Resources */ = {
			isa = PBXResourcesBuildPhase;
			buildActionMask = 2147483647;
			files = (
				B6372EC01BD4D22F00574261 /* LaunchScreen.storyboard in Resources */,
				B6372EBD1BD4D22F00574261 /* Assets.xcassets in Resources */,
				B6372EBB1BD4D22F00574261 /* Main.storyboard in Resources */,
				B643BCB81BED2D2B00688937 /* pause.pdf in Resources */,
				B643BCBB1BED2D2B00688937 /* star_filled.pdf in Resources */,
				B643BCB91BED2D2B00688937 /* play.pdf in Resources */,
				B643BCBA1BED2D2B00688937 /* star_blank.pdf in Resources */,
			);
			runOnlyForDeploymentPostprocessing = 0;
		};
		B6372EC41BD4D22F00574261 /* Resources */ = {
			isa = PBXResourcesBuildPhase;
			buildActionMask = 2147483647;
			files = (
			);
			runOnlyForDeploymentPostprocessing = 0;
		};
		B6372ECF1BD4D22F00574261 /* Resources */ = {
			isa = PBXResourcesBuildPhase;
			buildActionMask = 2147483647;
			files = (
			);
			runOnlyForDeploymentPostprocessing = 0;
		};
/* End PBXResourcesBuildPhase section */

/* Begin PBXSourcesBuildPhase section */
		B6372EA91BD4D22F00574261 /* Sources */ = {
			isa = PBXSourcesBuildPhase;
			buildActionMask = 2147483647;
			files = (
				B67D4E761BED41EA004CFE38 /* RawConnection.m in Sources */,
				B6372EB51BD4D22F00574261 /* AppDelegate.m in Sources */,
				B6372EB21BD4D22F00574261 /* main.m in Sources */,
				B67D4E7E1BED4207004CFE38 /* MusicVoterServer.m in Sources */,
				B67D4E771BED41EA004CFE38 /* Connection.m in Sources */,
				B62450E41BED431E000ACBD3 /* AddItemToJoinedServerTableViewController.m in Sources */,
				B67D4E7D1BED4207004CFE38 /* BonjourServer.m in Sources */,
				B67D4E851BED4224004CFE38 /* BonjourBrowser.m in Sources */,
				B62450F61BED431E000ACBD3 /* SpotifyAuthenticator.m in Sources */,
				B62450ED1BED431E000ACBD3 /* CreateServerTableViewController.m in Sources */,
				B62450F01BED431E000ACBD3 /* JoinServerTableViewController.m in Sources */,
				B67D4E861BED4224004CFE38 /* ServerConnection.m in Sources */,
				B62451081BEFAB77000ACBD3 /* JoinedServerViewController.m in Sources */,
				B62450F51BED431E000ACBD3 /* VoteTrackTableViewCell.m in Sources */,
				B62451051BEFA3D1000ACBD3 /* MusicVoterConnectionViewController.m in Sources */,
				B67D4E781BED41EA004CFE38 /* VoteTrack.m in Sources */,
				B62450E31BED431E000ACBD3 /* AddItemToCreatedServerTableViewController.m in Sources */,
				B624510B1BEFDAB6000ACBD3 /* CreatedServerViewController.m in Sources */,
			);
			runOnlyForDeploymentPostprocessing = 0;
		};
		B6372EC21BD4D22F00574261 /* Sources */ = {
			isa = PBXSourcesBuildPhase;
			buildActionMask = 2147483647;
			files = (
				B6372ECB1BD4D22F00574261 /* Music_Voter_UITests.m in Sources */,
			);
			runOnlyForDeploymentPostprocessing = 0;
		};
		B6372ECD1BD4D22F00574261 /* Sources */ = {
			isa = PBXSourcesBuildPhase;
			buildActionMask = 2147483647;
			files = (
				B6372ED61BD4D22F00574261 /* Music_Voter_UIUITests.m in Sources */,
			);
			runOnlyForDeploymentPostprocessing = 0;
		};
/* End PBXSourcesBuildPhase section */

/* Begin PBXTargetDependency section */
		B6372EC81BD4D22F00574261 /* PBXTargetDependency */ = {
			isa = PBXTargetDependency;
			target = B6372EAC1BD4D22F00574261 /* Music Voter UI */;
			targetProxy = B6372EC71BD4D22F00574261 /* PBXContainerItemProxy */;
		};
		B6372ED31BD4D22F00574261 /* PBXTargetDependency */ = {
			isa = PBXTargetDependency;
			target = B6372EAC1BD4D22F00574261 /* Music Voter UI */;
			targetProxy = B6372ED21BD4D22F00574261 /* PBXContainerItemProxy */;
		};
/* End PBXTargetDependency section */

/* Begin PBXVariantGroup section */
		B6372EB91BD4D22F00574261 /* Main.storyboard */ = {
			isa = PBXVariantGroup;
			children = (
				B6372EBA1BD4D22F00574261 /* Base */,
			);
			name = Main.storyboard;
			sourceTree = "<group>";
		};
		B6372EBE1BD4D22F00574261 /* LaunchScreen.storyboard */ = {
			isa = PBXVariantGroup;
			children = (
				B6372EBF1BD4D22F00574261 /* Base */,
			);
			name = LaunchScreen.storyboard;
			sourceTree = "<group>";
		};
/* End PBXVariantGroup section */

/* Begin XCBuildConfiguration section */
		B6372ED81BD4D22F00574261 /* Debug */ = {
			isa = XCBuildConfiguration;
			buildSettings = {
				ALWAYS_SEARCH_USER_PATHS = NO;
				CLANG_CXX_LANGUAGE_STANDARD = "gnu++0x";
				CLANG_CXX_LIBRARY = "libc++";
				CLANG_ENABLE_MODULES = YES;
				CLANG_ENABLE_OBJC_ARC = YES;
				CLANG_WARN_BOOL_CONVERSION = YES;
				CLANG_WARN_CONSTANT_CONVERSION = YES;
				CLANG_WARN_DIRECT_OBJC_ISA_USAGE = YES_ERROR;
				CLANG_WARN_EMPTY_BODY = YES;
				CLANG_WARN_ENUM_CONVERSION = YES;
				CLANG_WARN_INT_CONVERSION = YES;
				CLANG_WARN_OBJC_ROOT_CLASS = YES_ERROR;
				CLANG_WARN_UNREACHABLE_CODE = YES;
				CLANG_WARN__DUPLICATE_METHOD_MATCH = YES;
				"CODE_SIGN_IDENTITY[sdk=iphoneos*]" = "iPhone Developer";
				COPY_PHASE_STRIP = NO;
				DEBUG_INFORMATION_FORMAT = dwarf;
				ENABLE_STRICT_OBJC_MSGSEND = YES;
				ENABLE_TESTABILITY = YES;
				GCC_C_LANGUAGE_STANDARD = gnu99;
				GCC_DYNAMIC_NO_PIC = NO;
				GCC_NO_COMMON_BLOCKS = YES;
				GCC_OPTIMIZATION_LEVEL = 0;
				GCC_PREPROCESSOR_DEFINITIONS = (
					"DEBUG=1",
					"$(inherited)",
				);
				GCC_WARN_64_TO_32_BIT_CONVERSION = YES;
				GCC_WARN_ABOUT_RETURN_TYPE = YES_ERROR;
				GCC_WARN_UNDECLARED_SELECTOR = YES;
				GCC_WARN_UNINITIALIZED_AUTOS = YES_AGGRESSIVE;
				GCC_WARN_UNUSED_FUNCTION = YES;
				GCC_WARN_UNUSED_VARIABLE = YES;
				IPHONEOS_DEPLOYMENT_TARGET = 9.0;
				MTL_ENABLE_DEBUG_INFO = YES;
				ONLY_ACTIVE_ARCH = YES;
				SDKROOT = iphoneos;
			};
			name = Debug;
		};
		B6372ED91BD4D22F00574261 /* Release */ = {
			isa = XCBuildConfiguration;
			buildSettings = {
				ALWAYS_SEARCH_USER_PATHS = NO;
				CLANG_CXX_LANGUAGE_STANDARD = "gnu++0x";
				CLANG_CXX_LIBRARY = "libc++";
				CLANG_ENABLE_MODULES = YES;
				CLANG_ENABLE_OBJC_ARC = YES;
				CLANG_WARN_BOOL_CONVERSION = YES;
				CLANG_WARN_CONSTANT_CONVERSION = YES;
				CLANG_WARN_DIRECT_OBJC_ISA_USAGE = YES_ERROR;
				CLANG_WARN_EMPTY_BODY = YES;
				CLANG_WARN_ENUM_CONVERSION = YES;
				CLANG_WARN_INT_CONVERSION = YES;
				CLANG_WARN_OBJC_ROOT_CLASS = YES_ERROR;
				CLANG_WARN_UNREACHABLE_CODE = YES;
				CLANG_WARN__DUPLICATE_METHOD_MATCH = YES;
				"CODE_SIGN_IDENTITY[sdk=iphoneos*]" = "iPhone Developer";
				COPY_PHASE_STRIP = NO;
				DEBUG_INFORMATION_FORMAT = "dwarf-with-dsym";
				ENABLE_NS_ASSERTIONS = NO;
				ENABLE_STRICT_OBJC_MSGSEND = YES;
				GCC_C_LANGUAGE_STANDARD = gnu99;
				GCC_NO_COMMON_BLOCKS = YES;
				GCC_WARN_64_TO_32_BIT_CONVERSION = YES;
				GCC_WARN_ABOUT_RETURN_TYPE = YES_ERROR;
				GCC_WARN_UNDECLARED_SELECTOR = YES;
				GCC_WARN_UNINITIALIZED_AUTOS = YES_AGGRESSIVE;
				GCC_WARN_UNUSED_FUNCTION = YES;
				GCC_WARN_UNUSED_VARIABLE = YES;
				IPHONEOS_DEPLOYMENT_TARGET = 9.0;
				MTL_ENABLE_DEBUG_INFO = NO;
				SDKROOT = iphoneos;
				VALIDATE_PRODUCT = YES;
			};
			name = Release;
		};
		B6372EDB1BD4D22F00574261 /* Debug */ = {
			isa = XCBuildConfiguration;
			buildSettings = {
				ASSETCATALOG_COMPILER_APPICON_NAME = AppIcon;
				CODE_SIGN_IDENTITY = "iPhone Developer";
				"CODE_SIGN_IDENTITY[sdk=iphoneos*]" = "iPhone Developer";
				ENABLE_BITCODE = NO;
				FRAMEWORK_SEARCH_PATHS = (
					"$(inherited)",
					"$(PROJECT_DIR)",
				);
				INFOPLIST_FILE = "Music Voter UI/Info.plist";
				LD_RUNPATH_SEARCH_PATHS = "$(inherited) @executable_path/Frameworks";
				OTHER_LDFLAGS = "-ObjC";
				PRODUCT_BUNDLE_IDENTIFIER = "MathiasAndMagnus.Music-Voter-UI";
				PRODUCT_NAME = "$(TARGET_NAME)";
				PROVISIONING_PROFILE = "";
			};
			name = Debug;
		};
		B6372EDC1BD4D22F00574261 /* Release */ = {
			isa = XCBuildConfiguration;
			buildSettings = {
				ASSETCATALOG_COMPILER_APPICON_NAME = AppIcon;
				CODE_SIGN_IDENTITY = "iPhone Developer";
				"CODE_SIGN_IDENTITY[sdk=iphoneos*]" = "iPhone Developer";
				ENABLE_BITCODE = NO;
				FRAMEWORK_SEARCH_PATHS = (
					"$(inherited)",
					"$(PROJECT_DIR)",
				);
				INFOPLIST_FILE = "Music Voter UI/Info.plist";
				LD_RUNPATH_SEARCH_PATHS = "$(inherited) @executable_path/Frameworks";
				OTHER_LDFLAGS = "-ObjC";
				PRODUCT_BUNDLE_IDENTIFIER = "MathiasAndMagnus.Music-Voter-UI";
				PRODUCT_NAME = "$(TARGET_NAME)";
				PROVISIONING_PROFILE = "";
			};
			name = Release;
		};
		B6372EDE1BD4D22F00574261 /* Debug */ = {
			isa = XCBuildConfiguration;
			buildSettings = {
				BUNDLE_LOADER = "$(TEST_HOST)";
				INFOPLIST_FILE = "Music Voter UITests/Info.plist";
				LD_RUNPATH_SEARCH_PATHS = "$(inherited) @executable_path/Frameworks @loader_path/Frameworks";
				PRODUCT_BUNDLE_IDENTIFIER = "MathiasAndMagnus.Music-Voter-UITests";
				PRODUCT_NAME = "$(TARGET_NAME)";
				TEST_HOST = "$(BUILT_PRODUCTS_DIR)/Music Voter UI.app/Music Voter UI";
			};
			name = Debug;
		};
		B6372EDF1BD4D22F00574261 /* Release */ = {
			isa = XCBuildConfiguration;
			buildSettings = {
				BUNDLE_LOADER = "$(TEST_HOST)";
				INFOPLIST_FILE = "Music Voter UITests/Info.plist";
				LD_RUNPATH_SEARCH_PATHS = "$(inherited) @executable_path/Frameworks @loader_path/Frameworks";
				PRODUCT_BUNDLE_IDENTIFIER = "MathiasAndMagnus.Music-Voter-UITests";
				PRODUCT_NAME = "$(TARGET_NAME)";
				TEST_HOST = "$(BUILT_PRODUCTS_DIR)/Music Voter UI.app/Music Voter UI";
			};
			name = Release;
		};
		B6372EE11BD4D22F00574261 /* Debug */ = {
			isa = XCBuildConfiguration;
			buildSettings = {
				INFOPLIST_FILE = "Music Voter UIUITests/Info.plist";
				LD_RUNPATH_SEARCH_PATHS = "$(inherited) @executable_path/Frameworks @loader_path/Frameworks";
				PRODUCT_BUNDLE_IDENTIFIER = "MathiasAndMagnus.Music-Voter-UIUITests";
				PRODUCT_NAME = "$(TARGET_NAME)";
				TEST_TARGET_NAME = "Music Voter UI";
				USES_XCTRUNNER = YES;
			};
			name = Debug;
		};
		B6372EE21BD4D22F00574261 /* Release */ = {
			isa = XCBuildConfiguration;
			buildSettings = {
				INFOPLIST_FILE = "Music Voter UIUITests/Info.plist";
				LD_RUNPATH_SEARCH_PATHS = "$(inherited) @executable_path/Frameworks @loader_path/Frameworks";
				PRODUCT_BUNDLE_IDENTIFIER = "MathiasAndMagnus.Music-Voter-UIUITests";
				PRODUCT_NAME = "$(TARGET_NAME)";
				TEST_TARGET_NAME = "Music Voter UI";
				USES_XCTRUNNER = YES;
			};
			name = Release;
		};
/* End XCBuildConfiguration section */

/* Begin XCConfigurationList section */
		B6372EA81BD4D22F00574261 /* Build configuration list for PBXProject "Music Voter UI" */ = {
			isa = XCConfigurationList;
			buildConfigurations = (
				B6372ED81BD4D22F00574261 /* Debug */,
				B6372ED91BD4D22F00574261 /* Release */,
			);
			defaultConfigurationIsVisible = 0;
			defaultConfigurationName = Release;
		};
		B6372EDA1BD4D22F00574261 /* Build configuration list for PBXNativeTarget "Music Voter UI" */ = {
			isa = XCConfigurationList;
			buildConfigurations = (
				B6372EDB1BD4D22F00574261 /* Debug */,
				B6372EDC1BD4D22F00574261 /* Release */,
			);
			defaultConfigurationIsVisible = 0;
			defaultConfigurationName = Release;
		};
		B6372EDD1BD4D22F00574261 /* Build configuration list for PBXNativeTarget "Music Voter UITests" */ = {
			isa = XCConfigurationList;
			buildConfigurations = (
				B6372EDE1BD4D22F00574261 /* Debug */,
				B6372EDF1BD4D22F00574261 /* Release */,
			);
			defaultConfigurationIsVisible = 0;
			defaultConfigurationName = Release;
		};
		B6372EE01BD4D22F00574261 /* Build configuration list for PBXNativeTarget "Music Voter UIUITests" */ = {
			isa = XCConfigurationList;
			buildConfigurations = (
				B6372EE11BD4D22F00574261 /* Debug */,
				B6372EE21BD4D22F00574261 /* Release */,
			);
			defaultConfigurationIsVisible = 0;
			defaultConfigurationName = Release;
		};
/* End XCConfigurationList section */
	};
	rootObject = B6372EA51BD4D22F00574261 /* Project object */;
}
